
Microsoft Visual Studio Solution File, Format Version 12.00
# Visual Studio Version 16
VisualStudioVersion = 16.0.31112.23
MinimumVisualStudioVersion = 10.0.40219.1
Project("{FAE04EC0-301F-11D3-BF4B-00C04F79EFBC}") = "Calculadora", "Calculadora.csproj", "{ADCCF70D-059D-4E54-B030-9EB9D7074D4B}"
EndProject
Global
	GlobalSection(SolutionConfigurationPlatforms) = preSolution
		Debug|Any CPU = Debug|Any CPU
		Release|Any CPU = Release|Any CPU
	EndGlobalSection
	GlobalSection(ProjectConfigurationPlatforms) = postSolution
		{ADCCF70D-059D-4E54-B030-9EB9D7074D4B}.Debug|Any CPU.ActiveCfg = Debug|Any CPU
		{ADCCF70D-059D-4E54-B030-9EB9D7074D4B}.Debug|Any CPU.Build.0 = Debug|Any CPU
		{ADCCF70D-059D-4E54-B030-9EB9D7074D4B}.Release|Any CPU.ActiveCfg = Release|Any CPU
		{ADCCF70D-059D-4E54-B030-9EB9D7074D4B}.Release|Any CPU.Build.0 = Release|Any CPU
	EndGlobalSection
	GlobalSection(SolutionProperties) = preSolution
		HideSolutionNode = FALSE
	EndGlobalSection
	GlobalSection(ExtensibilityGlobals) = postSolution
		SolutionGuid = {8980C013-DF20-4F63-8DDA-8DBC3A6A2957}
	EndGlobalSection
EndGlobal
